
Microsoft Visual Studio Solution File, Format Version 12.00
# Visual Studio Version 17
VisualStudioVersion = 17.13.35913.81
MinimumVisualStudioVersion = 10.0.40219.1
Project("{FAE04EC0-301F-11D3-BF4B-00C04F79EFBC}") = "01-BasicSearchingAlgorithms", "01-BasicSearchingAlgorithms.csproj", "{53B56527-3193-483E-B002-CD4A45DB2352}"
EndProject
Project("{FAE04EC0-301F-11D3-BF4B-00C04F79EFBC}") = "02-SimpleSorts", "..\02-SimpleSorts\02-SimpleSorts.csproj", "{727770E6-BC88-4916-914B-B49342B08DE2}"
EndProject
Project("{FAE04EC0-301F-11D3-BF4B-00C04F79EFBC}") = "03-Tree-LevelOrderTraversal", "..\03-Tree-LevelOrderTraversal\03-Tree-LevelOrderTraversal.csproj", "{71DCD208-6FAA-4472-A31D-B72F5032EFC4}"
EndProject
Project("{FAE04EC0-301F-11D3-BF4B-00C04F79EFBC}") = "04-BinarySearchTree-BST", "..\04-BinarySearchTree-BST\04-BinarySearchTree-BST.csproj", "{4BF385BD-1633-433B-94C9-B767BE8FBA00}"
EndProject
Project("{FAE04EC0-301F-11D3-BF4B-00C04F79EFBC}") = "05-AVL-Tree", "..\05-AVL-Tree\05-AVL-Tree.csproj", "{137EB744-792A-41ED-BACE-1AF5FF363F2E}"
EndProject
Project("{FAE04EC0-301F-11D3-BF4B-00C04F79EFBC}") = "06-Red-Black-Tree", "..\06-Red-Black-Tree\06-Red-Black-Tree.csproj", "{1073E723-7A29-4944-8939-E30E669612EF}"
EndProject
Project("{FAE04EC0-301F-11D3-BF4B-00C04F79EFBC}") = "07-Graph-Traversals", "..\07-Graph-Traversals\07-Graph-Traversals.csproj", "{FB0C97F1-C31C-4AC2-83C4-F788149BB625}"
EndProject
Project("{FAE04EC0-301F-11D3-BF4B-00C04F79EFBC}") = "08-Coin-Change-Problem", "..\08-Coin-Change-Problem\08-Coin-Change-Problem.csproj", "{4B289AB5-698E-417B-ADD7-02781D2B349B}"
EndProject
Global
	GlobalSection(SolutionConfigurationPlatforms) = preSolution
		Debug|Any CPU = Debug|Any CPU
		Release|Any CPU = Release|Any CPU
	EndGlobalSection
	GlobalSection(ProjectConfigurationPlatforms) = postSolution
		{53B56527-3193-483E-B002-CD4A45DB2352}.Debug|Any CPU.ActiveCfg = Debug|Any CPU
		{53B56527-3193-483E-B002-CD4A45DB2352}.Debug|Any CPU.Build.0 = Debug|Any CPU
		{53B56527-3193-483E-B002-CD4A45DB2352}.Release|Any CPU.ActiveCfg = Release|Any CPU
		{53B56527-3193-483E-B002-CD4A45DB2352}.Release|Any CPU.Build.0 = Release|Any CPU
		{727770E6-BC88-4916-914B-B49342B08DE2}.Debug|Any CPU.ActiveCfg = Debug|Any CPU
		{727770E6-BC88-4916-914B-B49342B08DE2}.Debug|Any CPU.Build.0 = Debug|Any CPU
		{727770E6-BC88-4916-914B-B49342B08DE2}.Release|Any CPU.ActiveCfg = Release|Any CPU
		{727770E6-BC88-4916-914B-B49342B08DE2}.Release|Any CPU.Build.0 = Release|Any CPU
		{71DCD208-6FAA-4472-A31D-B72F5032EFC4}.Debug|Any CPU.ActiveCfg = Debug|Any CPU
		{71DCD208-6FAA-4472-A31D-B72F5032EFC4}.Debug|Any CPU.Build.0 = Debug|Any CPU
		{71DCD208-6FAA-4472-A31D-B72F5032EFC4}.Release|Any CPU.ActiveCfg = Release|Any CPU
		{71DCD208-6FAA-4472-A31D-B72F5032EFC4}.Release|Any CPU.Build.0 = Release|Any CPU
		{4BF385BD-1633-433B-94C9-B767BE8FBA00}.Debug|Any CPU.ActiveCfg = Debug|Any CPU
		{4BF385BD-1633-433B-94C9-B767BE8FBA00}.Debug|Any CPU.Build.0 = Debug|Any CPU
		{4BF385BD-1633-433B-94C9-B767BE8FBA00}.Release|Any CPU.ActiveCfg = Release|Any CPU
		{4BF385BD-1633-433B-94C9-B767BE8FBA00}.Release|Any CPU.Build.0 = Release|Any CPU
		{137EB744-792A-41ED-BACE-1AF5FF363F2E}.Debug|Any CPU.ActiveCfg = Debug|Any CPU
		{137EB744-792A-41ED-BACE-1AF5FF363F2E}.Debug|Any CPU.Build.0 = Debug|Any CPU
		{137EB744-792A-41ED-BACE-1AF5FF363F2E}.Release|Any CPU.ActiveCfg = Release|Any CPU
		{137EB744-792A-41ED-BACE-1AF5FF363F2E}.Release|Any CPU.Build.0 = Release|Any CPU
		{1073E723-7A29-4944-8939-E30E669612EF}.Debug|Any CPU.ActiveCfg = Debug|Any CPU
		{1073E723-7A29-4944-8939-E30E669612EF}.Debug|Any CPU.Build.0 = Debug|Any CPU
		{1073E723-7A29-4944-8939-E30E669612EF}.Release|Any CPU.ActiveCfg = Release|Any CPU
		{1073E723-7A29-4944-8939-E30E669612EF}.Release|Any CPU.Build.0 = Release|Any CPU
		{FB0C97F1-C31C-4AC2-83C4-F788149BB625}.Debug|Any CPU.ActiveCfg = Debug|Any CPU
		{FB0C97F1-C31C-4AC2-83C4-F788149BB625}.Debug|Any CPU.Build.0 = Debug|Any CPU
		{FB0C97F1-C31C-4AC2-83C4-F788149BB625}.Release|Any CPU.ActiveCfg = Release|Any CPU
		{FB0C97F1-C31C-4AC2-83C4-F788149BB625}.Release|Any CPU.Build.0 = Release|Any CPU
		{4B289AB5-698E-417B-ADD7-02781D2B349B}.Debug|Any CPU.ActiveCfg = Debug|Any CPU
		{4B289AB5-698E-417B-ADD7-02781D2B349B}.Debug|Any CPU.Build.0 = Debug|Any CPU
		{4B289AB5-698E-417B-ADD7-02781D2B349B}.Release|Any CPU.ActiveCfg = Release|Any CPU
		{4B289AB5-698E-417B-ADD7-02781D2B349B}.Release|Any CPU.Build.0 = Release|Any CPU
	EndGlobalSection
	GlobalSection(SolutionProperties) = preSolution
		HideSolutionNode = FALSE
	EndGlobalSection
	GlobalSection(ExtensibilityGlobals) = postSolution
		SolutionGuid = {4151E5F8-004D-4338-9B9A-25C71812CAC7}
	EndGlobalSection
EndGlobal
